
Microsoft Visual Studio Solution File, Format Version 12.00
# Visual Studio 15
VisualStudioVersion = 15.0.28010.2016
MinimumVisualStudioVersion = 10.0.40219.1
Project("{FAE04EC0-301F-11D3-BF4B-00C04F79EFBC}") = "Dapper.Linq.Core", "Dapper.Linq.Core\Dapper.Linq.Core.csproj", "{3504940B-CE3B-4E72-A433-9E3DD5D3B691}"
EndProject
Project("{FAE04EC0-301F-11D3-BF4B-00C04F79EFBC}") = "Dapper.Linq", "Dapper.Linq\Dapper.Linq.csproj", "{BEC34F65-D554-4C18-9687-928ECCEFF2A1}"
EndProject
Global
	GlobalSection(SolutionConfigurationPlatforms) = preSolution
		Debug|Any CPU = Debug|Any CPU
		Release|Any CPU = Release|Any CPU
	EndGlobalSection
	GlobalSection(ProjectConfigurationPlatforms) = postSolution
		{3504940B-CE3B-4E72-A433-9E3DD5D3B691}.Debug|Any CPU.ActiveCfg = Debug|Any CPU
		{3504940B-CE3B-4E72-A433-9E3DD5D3B691}.Debug|Any CPU.Build.0 = Debug|Any CPU
		{3504940B-CE3B-4E72-A433-9E3DD5D3B691}.Release|Any CPU.ActiveCfg = Release|Any CPU
		{3504940B-CE3B-4E72-A433-9E3DD5D3B691}.Release|Any CPU.Build.0 = Release|Any CPU
		{BEC34F65-D554-4C18-9687-928ECCEFF2A1}.Debug|Any CPU.ActiveCfg = Debug|Any CPU
		{BEC34F65-D554-4C18-9687-928ECCEFF2A1}.Debug|Any CPU.Build.0 = Debug|Any CPU
		{BEC34F65-D554-4C18-9687-928ECCEFF2A1}.Release|Any CPU.ActiveCfg = Release|Any CPU
		{BEC34F65-D554-4C18-9687-928ECCEFF2A1}.Release|Any CPU.Build.0 = Release|Any CPU
	EndGlobalSection
	GlobalSection(SolutionProperties) = preSolution
		HideSolutionNode = FALSE
	EndGlobalSection
	GlobalSection(ExtensibilityGlobals) = postSolution
		SolutionGuid = {BD192C1B-5519-4BCF-AB09-4939204421BE}
	EndGlobalSection
EndGlobal
